// !$*UTF8*$!
{
	archiveVersion = 1;
	classes = {
	};
	objectVersion = 46;
	objects = {

/* Begin PBXBuildFile section */
		3C1BE8CE1958DF4A00BFD1B8 /* Foundation.framework in Frameworks */ = {isa = PBXBuildFile; fileRef = 3C1BE8CD1958DF4A00BFD1B8 /* Foundation.framework */; };
		3C1BE8D01958DF4A00BFD1B8 /* CoreGraphics.framework in Frameworks */ = {isa = PBXBuildFile; fileRef = 3C1BE8CF1958DF4A00BFD1B8 /* CoreGraphics.framework */; };
		3C1BE8D21958DF4A00BFD1B8 /* UIKit.framework in Frameworks */ = {isa = PBXBuildFile; fileRef = 3C1BE8D11958DF4A00BFD1B8 /* UIKit.framework */; };
		3C1BE8D81958DF4A00BFD1B8 /* InfoPlist.strings in Resources */ = {isa = PBXBuildFile; fileRef = 3C1BE8D61958DF4A00BFD1B8 /* InfoPlist.strings */; };
		3C1BE8DA1958DF4A00BFD1B8 /* main.m in Sources */ = {isa = PBXBuildFile; fileRef = 3C1BE8D91958DF4A00BFD1B8 /* main.m */; };
		3C1BE8DE1958DF4A00BFD1B8 /* CCAppDelegate.m in Sources */ = {isa = PBXBuildFile; fileRef = 3C1BE8DD1958DF4A00BFD1B8 /* CCAppDelegate.m */; };
		3C1BE8E11958DF4A00BFD1B8 /* Main.storyboard in Resources */ = {isa = PBXBuildFile; fileRef = 3C1BE8DF1958DF4A00BFD1B8 /* Main.storyboard */; };
		3C1BE8E41958DF4A00BFD1B8 /* CCViewController.m in Sources */ = {isa = PBXBuildFile; fileRef = 3C1BE8E31958DF4A00BFD1B8 /* CCViewController.m */; };
		3C1BE8E61958DF4A00BFD1B8 /* Images.xcassets in Resources */ = {isa = PBXBuildFile; fileRef = 3C1BE8E51958DF4A00BFD1B8 /* Images.xcassets */; };
		3C1BE8ED1958DF4A00BFD1B8 /* XCTest.framework in Frameworks */ = {isa = PBXBuildFile; fileRef = 3C1BE8EC1958DF4A00BFD1B8 /* XCTest.framework */; };
		3C1BE8EE1958DF4A00BFD1B8 /* Foundation.framework in Frameworks */ = {isa = PBXBuildFile; fileRef = 3C1BE8CD1958DF4A00BFD1B8 /* Foundation.framework */; };
		3C1BE8EF1958DF4A00BFD1B8 /* UIKit.framework in Frameworks */ = {isa = PBXBuildFile; fileRef = 3C1BE8D11958DF4A00BFD1B8 /* UIKit.framework */; };
		3C1BE8F71958DF4A00BFD1B8 /* InfoPlist.strings in Resources */ = {isa = PBXBuildFile; fileRef = 3C1BE8F51958DF4A00BFD1B8 /* InfoPlist.strings */; };
		3C1BE8F91958DF4A00BFD1B8 /* UITableViewController__Challenge_SolutionTests.m in Sources */ = {isa = PBXBuildFile; fileRef = 3C1BE8F81958DF4A00BFD1B8 /* UITableViewController__Challenge_SolutionTests.m */; };
/* End PBXBuildFile section */

/* Begin PBXContainerItemProxy section */
		3C1BE8F01958DF4A00BFD1B8 /* PBXContainerItemProxy */ = {
			isa = PBXContainerItemProxy;
			containerPortal = 3C1BE8C21958DF4A00BFD1B8 /* Project object */;
			proxyType = 1;
			remoteGlobalIDString = 3C1BE8C91958DF4A00BFD1B8;
			remoteInfo = "UITableViewController  Challenge Solution";
		};
/* End PBXContainerItemProxy section */

/* Begin PBXFileReference section */
		3C1BE8CA1958DF4A00BFD1B8 /* UITableViewController  Challenge Solution.app */ = {isa = PBXFileReference; explicitFileType = wrapper.application; includeInIndex = 0; path = "UITableViewController  Challenge Solution.app"; sourceTree = BUILT_PRODUCTS_DIR; };
		3C1BE8CD1958DF4A00BFD1B8 /* Foundation.framework */ = {isa = PBXFileReference; lastKnownFileType = wrapper.framework; name = Foundation.framework; path = System/Library/Frameworks/Foundation.framework; sourceTree = SDKROOT; };
		3C1BE8CF1958DF4A00BFD1B8 /* CoreGraphics.framework */ = {isa = PBXFileReference; lastKnownFileType = wrapper.framework; name = CoreGraphics.framework; path = System/Library/Frameworks/CoreGraphics.framework; sourceTree = SDKROOT; };
		3C1BE8D11958DF4A00BFD1B8 /* UIKit.framework */ = {isa = PBXFileReference; lastKnownFileType = wrapper.framework; name = UIKit.framework; path = System/Library/Frameworks/UIKit.framework; sourceTree = SDKROOT; };
		3C1BE8D51958DF4A00BFD1B8 /* UITableViewController  Challenge Solution-Info.plist */ = {isa = PBXFileReference; lastKnownFileType = text.plist.xml; path = "UITableViewController  Challenge Solution-Info.plist"; sourceTree = "<group>"; };
		3C1BE8D71958DF4A00BFD1B8 /* en */ = {isa = PBXFileReference; lastKnownFileType = text.plist.strings; name = en; path = en.lproj/InfoPlist.strings; sourceTree = "<group>"; };
		3C1BE8D91958DF4A00BFD1B8 /* main.m */ = {isa = PBXFileReference; lastKnownFileType = sourcecode.c.objc; path = main.m; sourceTree = "<group>"; };
		3C1BE8DB1958DF4A00BFD1B8 /* UITableViewController  Challenge Solution-Prefix.pch */ = {isa = PBXFileReference; lastKnownFileType = sourcecode.c.h; path = "UITableViewController  Challenge Solution-Prefix.pch"; sourceTree = "<group>"; };
		3C1BE8DC1958DF4A00BFD1B8 /* CCAppDelegate.h */ = {isa = PBXFileReference; lastKnownFileType = sourcecode.c.h; path = CCAppDelegate.h; sourceTree = "<group>"; };
		3C1BE8DD1958DF4A00BFD1B8 /* CCAppDelegate.m */ = {isa = PBXFileReference; lastKnownFileType = sourcecode.c.objc; path = CCAppDelegate.m; sourceTree = "<group>"; };
		3C1BE8E01958DF4A00BFD1B8 /* Base */ = {isa = PBXFileReference; lastKnownFileType = file.storyboard; name = Base; path = Base.lproj/Main.storyboard; sourceTree = "<group>"; };
		3C1BE8E21958DF4A00BFD1B8 /* CCViewController.h */ = {isa = PBXFileReference; lastKnownFileType = sourcecode.c.h; path = CCViewController.h; sourceTree = "<group>"; };
		3C1BE8E31958DF4A00BFD1B8 /* CCViewController.m */ = {isa = PBXFileReference; lastKnownFileType = sourcecode.c.objc; path = CCViewController.m; sourceTree = "<group>"; };
		3C1BE8E51958DF4A00BFD1B8 /* Images.xcassets */ = {isa = PBXFileReference; lastKnownFileType = folder.assetcatalog; path = Images.xcassets; sourceTree = "<group>"; };
		3C1BE8EB1958DF4A00BFD1B8 /* UITableViewController  Challenge SolutionTests.xctest */ = {isa = PBXFileReference; explicitFileType = wrapper.cfbundle; includeInIndex = 0; path = "UITableViewController  Challenge SolutionTests.xctest"; sourceTree = BUILT_PRODUCTS_DIR; };
		3C1BE8EC1958DF4A00BFD1B8 /* XCTest.framework */ = {isa = PBXFileReference; lastKnownFileType = wrapper.framework; name = XCTest.framework; path = Library/Frameworks/XCTest.framework; sourceTree = DEVELOPER_DIR; };
		3C1BE8F41958DF4A00BFD1B8 /* UITableViewController  Challenge SolutionTests-Info.plist */ = {isa = PBXFileReference; lastKnownFileType = text.plist.xml; path = "UITableViewController  Challenge SolutionTests-Info.plist"; sourceTree = "<group>"; };
		3C1BE8F61958DF4A00BFD1B8 /* en */ = {isa = PBXFileReference; lastKnownFileType = text.plist.strings; name = en; path = en.lproj/InfoPlist.strings; sourceTree = "<group>"; };
		3C1BE8F81958DF4A00BFD1B8 /* UITableViewController__Challenge_SolutionTests.m */ = {isa = PBXFileReference; lastKnownFileType = sourcecode.c.objc; path = UITableViewController__Challenge_SolutionTests.m; sourceTree = "<group>"; };
/* End PBXFileReference section */

/* Begin PBXFrameworksBuildPhase section */
		3C1BE8C71958DF4A00BFD1B8 /* Frameworks */ = {
			isa = PBXFrameworksBuildPhase;
			buildActionMask = 2147483647;
			files = (
				3C1BE8D01958DF4A00BFD1B8 /* CoreGraphics.framework in Frameworks */,
				3C1BE8D21958DF4A00BFD1B8 /* UIKit.framework in Frameworks */,
				3C1BE8CE1958DF4A00BFD1B8 /* Foundation.framework in Frameworks */,
			);
			runOnlyForDeploymentPostprocessing = 0;
		};
		3C1BE8E81958DF4A00BFD1B8 /* Frameworks */ = {
			isa = PBXFrameworksBuildPhase;
			buildActionMask = 2147483647;
			files = (
				3C1BE8ED1958DF4A00BFD1B8 /* XCTest.framework in Frameworks */,
				3C1BE8EF1958DF4A00BFD1B8 /* UIKit.framework in Frameworks */,
				3C1BE8EE1958DF4A00BFD1B8 /* Foundation.framework in Frameworks */,
			);
			runOnlyForDeploymentPostprocessing = 0;
		};
/* End PBXFrameworksBuildPhase section */

/* Begin PBXGroup section */
		3C1BE8C11958DF4A00BFD1B8 = {
			isa = PBXGroup;
			children = (
				3C1BE8D31958DF4A00BFD1B8 /* UITableViewController  Challenge Solution */,
				3C1BE8F21958DF4A00BFD1B8 /* UITableViewController  Challenge SolutionTests */,
				3C1BE8CC1958DF4A00BFD1B8 /* Frameworks */,
				3C1BE8CB1958DF4A00BFD1B8 /* Products */,
			);
			sourceTree = "<group>";
		};
		3C1BE8CB1958DF4A00BFD1B8 /* Products */ = {
			isa = PBXGroup;
			children = (
				3C1BE8CA1958DF4A00BFD1B8 /* UITableViewController  Challenge Solution.app */,
				3C1BE8EB1958DF4A00BFD1B8 /* UITableViewController  Challenge SolutionTests.xctest */,
			);
			name = Products;
			sourceTree = "<group>";
		};
		3C1BE8CC1958DF4A00BFD1B8 /* Frameworks */ = {
			isa = PBXGroup;
			children = (
				3C1BE8CD1958DF4A00BFD1B8 /* Foundation.framework */,
				3C1BE8CF1958DF4A00BFD1B8 /* CoreGraphics.framework */,
				3C1BE8D11958DF4A00BFD1B8 /* UIKit.framework */,
				3C1BE8EC1958DF4A00BFD1B8 /* XCTest.framework */,
			);
			name = Frameworks;
			sourceTree = "<group>";
		};
		3C1BE8D31958DF4A00BFD1B8 /* UITableViewController  Challenge Solution */ = {
			isa = PBXGroup;
			children = (
				3C1BE8DC1958DF4A00BFD1B8 /* CCAppDelegate.h */,
				3C1BE8DD1958DF4A00BFD1B8 /* CCAppDelegate.m */,
				3C1BE8DF1958DF4A00BFD1B8 /* Main.storyboard */,
				3C1BE8E21958DF4A00BFD1B8 /* CCViewController.h */,
				3C1BE8E31958DF4A00BFD1B8 /* CCViewController.m */,
				3C1BE8E51958DF4A00BFD1B8 /* Images.xcassets */,
				3C1BE8D41958DF4A00BFD1B8 /* Supporting Files */,
			);
			path = "UITableViewController  Challenge Solution";
			sourceTree = "<group>";
		};
		3C1BE8D41958DF4A00BFD1B8 /* Supporting Files */ = {
			isa = PBXGroup;
			children = (
				3C1BE8D51958DF4A00BFD1B8 /* UITableViewController  Challenge Solution-Info.plist */,
				3C1BE8D61958DF4A00BFD1B8 /* InfoPlist.strings */,
				3C1BE8D91958DF4A00BFD1B8 /* main.m */,
				3C1BE8DB1958DF4A00BFD1B8 /* UITableViewController  Challenge Solution-Prefix.pch */,
			);
			name = "Supporting Files";
			sourceTree = "<group>";
		};
		3C1BE8F21958DF4A00BFD1B8 /* UITableViewController  Challenge SolutionTests */ = {
			isa = PBXGroup;
			children = (
				3C1BE8F81958DF4A00BFD1B8 /* UITableViewController__Challenge_SolutionTests.m */,
				3C1BE8F31958DF4A00BFD1B8 /* Supporting Files */,
			);
			path = "UITableViewController  Challenge SolutionTests";
			sourceTree = "<group>";
		};
		3C1BE8F31958DF4A00BFD1B8 /* Supporting Files */ = {
			isa = PBXGroup;
			children = (
				3C1BE8F41958DF4A00BFD1B8 /* UITableViewController  Challenge SolutionTests-Info.plist */,
				3C1BE8F51958DF4A00BFD1B8 /* InfoPlist.strings */,
			);
			name = "Supporting Files";
			sourceTree = "<group>";
		};
/* End PBXGroup section */

/* Begin PBXNativeTarget section */
		3C1BE8C91958DF4A00BFD1B8 /* UITableViewController  Challenge Solution */ = {
			isa = PBXNativeTarget;
			buildConfigurationList = 3C1BE8FC1958DF4A00BFD1B8 /* Build configuration list for PBXNativeTarget "UITableViewController  Challenge Solution" */;
			buildPhases = (
				3C1BE8C61958DF4A00BFD1B8 /* Sources */,
				3C1BE8C71958DF4A00BFD1B8 /* Frameworks */,
				3C1BE8C81958DF4A00BFD1B8 /* Resources */,
			);
			buildRules = (
			);
			dependencies = (
			);
			name = "UITableViewController  Challenge Solution";
			productName = "UITableViewController  Challenge Solution";
			productReference = 3C1BE8CA1958DF4A00BFD1B8 /* UITableViewController  Challenge Solution.app */;
			productType = "com.apple.product-type.application";
		};
		3C1BE8EA1958DF4A00BFD1B8 /* UITableViewController  Challenge SolutionTests */ = {
			isa = PBXNativeTarget;
			buildConfigurationList = 3C1BE8FF1958DF4A00BFD1B8 /* Build configuration list for PBXNativeTarget "UITableViewController  Challenge SolutionTests" */;
			buildPhases = (
				3C1BE8E71958DF4A00BFD1B8 /* Sources */,
				3C1BE8E81958DF4A00BFD1B8 /* Frameworks */,
				3C1BE8E91958DF4A00BFD1B8 /* Resources */,
			);
			buildRules = (
			);
			dependencies = (
				3C1BE8F11958DF4A00BFD1B8 /* PBXTargetDependency */,
			);
			name = "UITableViewController  Challenge SolutionTests";
			productName = "UITableViewController  Challenge SolutionTests";
			productReference = 3C1BE8EB1958DF4A00BFD1B8 /* UITableViewController  Challenge SolutionTests.xctest */;
			productType = "com.apple.product-type.bundle.unit-test";
		};
/* End PBXNativeTarget section */

/* Begin PBXProject section */
		3C1BE8C21958DF4A00BFD1B8 /* Project object */ = {
			isa = PBXProject;
			attributes = {
				CLASSPREFIX = CC;
				LastUpgradeCheck = 0510;
				ORGANIZATIONNAME = "Ian Reid";
				TargetAttributes = {
					3C1BE8EA1958DF4A00BFD1B8 = {
						TestTargetID = 3C1BE8C91958DF4A00BFD1B8;
					};
				};
			};
			buildConfigurationList = 3C1BE8C51958DF4A00BFD1B8 /* Build configuration list for PBXProject "UITableViewController  Challenge Solution" */;
			compatibilityVersion = "Xcode 3.2";
			developmentRegion = English;
			hasScannedForEncodings = 0;
			knownRegions = (
				en,
				Base,
			);
			mainGroup = 3C1BE8C11958DF4A00BFD1B8;
			productRefGroup = 3C1BE8CB1958DF4A00BFD1B8 /* Products */;
			projectDirPath = "";
			projectRoot = "";
			targets = (
				3C1BE8C91958DF4A00BFD1B8 /* UITableViewController  Challenge Solution */,
				3C1BE8EA1958DF4A00BFD1B8 /* UITableViewController  Challenge SolutionTests */,
			);
		};
/* End PBXProject section */

/* Begin PBXResourcesBuildPhase section */
		3C1BE8C81958DF4A00BFD1B8 /* Resources */ = {
			isa = PBXResourcesBuildPhase;
			buildActionMask = 2147483647;
			files = (
				3C1BE8E61958DF4A00BFD1B8 /* Images.xcassets in Resources */,
				3C1BE8D81958DF4A00BFD1B8 /* InfoPlist.strings in Resources */,
				3C1BE8E11958DF4A00BFD1B8 /* Main.storyboard in Resources */,
			);
			runOnlyForDeploymentPostprocessing = 0;
		};
		3C1BE8E91958DF4A00BFD1B8 /* Resources */ = {
			isa = PBXResourcesBuildPhase;
			buildActionMask = 2147483647;
			files = (
				3C1BE8F71958DF4A00BFD1B8 /* InfoPlist.strings in Resources */,
			);
			runOnlyForDeploymentPostprocessing = 0;
		};
/* End PBXResourcesBuildPhase section */

/* Begin PBXSourcesBuildPhase section */
		3C1BE8C61958DF4A00BFD1B8 /* Sources */ = {
			isa = PBXSourcesBuildPhase;
			buildActionMask = 2147483647;
			files = (
				3C1BE8DE1958DF4A00BFD1B8 /* CCAppDelegate.m in Sources */,
				3C1BE8DA1958DF4A00BFD1B8 /* main.m in Sources */,
				3C1BE8E41958DF4A00BFD1B8 /* CCViewController.m in Sources */,
			);
			runOnlyForDeploymentPostprocessing = 0;
		};
		3C1BE8E71958DF4A00BFD1B8 /* Sources */ = {
			isa = PBXSourcesBuildPhase;
			buildActionMask = 2147483647;
			files = (
				3C1BE8F91958DF4A00BFD1B8 /* UITableViewController__Challenge_SolutionTests.m in Sources */,
			);
			runOnlyForDeploymentPostprocessing = 0;
		};
/* End PBXSourcesBuildPhase section */

/* Begin PBXTargetDependency section */
		3C1BE8F11958DF4A00BFD1B8 /* PBXTargetDependency */ = {
			isa = PBXTargetDependency;
			target = 3C1BE8C91958DF4A00BFD1B8 /* UITableViewController  Challenge Solution */;
			targetProxy = 3C1BE8F01958DF4A00BFD1B8 /* PBXContainerItemProxy */;
		};
/* End PBXTargetDependency section */

/* Begin PBXVariantGroup section */
		3C1BE8D61958DF4A00BFD1B8 /* InfoPlist.strings */ = {
			isa = PBXVariantGroup;
			children = (
				3C1BE8D71958DF4A00BFD1B8 /* en */,
			);
			name = InfoPlist.strings;
			sourceTree = "<group>";
		};
		3C1BE8DF1958DF4A00BFD1B8 /* Main.storyboard */ = {
			isa = PBXVariantGroup;
			children = (
				3C1BE8E01958DF4A00BFD1B8 /* Base */,
			);
			name = Main.storyboard;
			sourceTree = "<group>";
		};
		3C1BE8F51958DF4A00BFD1B8 /* InfoPlist.strings */ = {
			isa = PBXVariantGroup;
			children = (
				3C1BE8F61958DF4A00BFD1B8 /* en */,
			);
			name = InfoPlist.strings;
			sourceTree = "<group>";
		};
/* End PBXVariantGroup section */

/* Begin XCBuildConfiguration section */
		3C1BE8FA1958DF4A00BFD1B8 /* Debug */ = {
			isa = XCBuildConfiguration;
			buildSettings = {
				ALWAYS_SEARCH_USER_PATHS = NO;
				CLANG_CXX_LANGUAGE_STANDARD = "gnu++0x";
				CLANG_CXX_LIBRARY = "libc++";
				CLANG_ENABLE_MODULES = YES;
				CLANG_ENABLE_OBJC_ARC = YES;
				CLANG_WARN_BOOL_CONVERSION = YES;
				CLANG_WARN_CONSTANT_CONVERSION = YES;
				CLANG_WARN_DIRECT_OBJC_ISA_USAGE = YES_ERROR;
				CLANG_WARN_EMPTY_BODY = YES;
				CLANG_WARN_ENUM_CONVERSION = YES;
				CLANG_WARN_INT_CONVERSION = YES;
				CLANG_WARN_OBJC_ROOT_CLASS = YES_ERROR;
				CLANG_WARN__DUPLICATE_METHOD_MATCH = YES;
				"CODE_SIGN_IDENTITY[sdk=iphoneos*]" = "iPhone Developer";
				COPY_PHASE_STRIP = NO;
				GCC_C_LANGUAGE_STANDARD = gnu99;
				GCC_DYNAMIC_NO_PIC = NO;
				GCC_OPTIMIZATION_LEVEL = 0;
				GCC_PREPROCESSOR_DEFINITIONS = (
					"DEBUG=1",
					"$(inherited)",
				);
				GCC_SYMBOLS_PRIVATE_EXTERN = NO;
				GCC_WARN_64_TO_32_BIT_CONVERSION = YES;
				GCC_WARN_ABOUT_RETURN_TYPE = YES_ERROR;
				GCC_WARN_UNDECLARED_SELECTOR = YES;
				GCC_WARN_UNINITIALIZED_AUTOS = YES_AGGRESSIVE;
				GCC_WARN_UNUSED_FUNCTION = YES;
				GCC_WARN_UNUSED_VARIABLE = YES;
				IPHONEOS_DEPLOYMENT_TARGET = 7.1;
				ONLY_ACTIVE_ARCH = YES;
				SDKROOT = iphoneos;
			};
			name = Debug;
		};
		3C1BE8FB1958DF4A00BFD1B8 /* Release */ = {
			isa = XCBuildConfiguration;
			buildSettings = {
				ALWAYS_SEARCH_USER_PATHS = NO;
				CLANG_CXX_LANGUAGE_STANDARD = "gnu++0x";
				CLANG_CXX_LIBRARY = "libc++";
				CLANG_ENABLE_MODULES = YES;
				CLANG_ENABLE_OBJC_ARC = YES;
				CLANG_WARN_BOOL_CONVERSION = YES;
				CLANG_WARN_CONSTANT_CONVERSION = YES;
				CLANG_WARN_DIRECT_OBJC_ISA_USAGE = YES_ERROR;
				CLANG_WARN_EMPTY_BODY = YES;
				CLANG_WARN_ENUM_CONVERSION = YES;
				CLANG_WARN_INT_CONVERSION = YES;
				CLANG_WARN_OBJC_ROOT_CLASS = YES_ERROR;
				CLANG_WARN__DUPLICATE_METHOD_MATCH = YES;
				"CODE_SIGN_IDENTITY[sdk=iphoneos*]" = "iPhone Developer";
				COPY_PHASE_STRIP = YES;
				ENABLE_NS_ASSERTIONS = NO;
				GCC_C_LANGUAGE_STANDARD = gnu99;
				GCC_WARN_64_TO_32_BIT_CONVERSION = YES;
				GCC_WARN_ABOUT_RETURN_TYPE = YES_ERROR;
				GCC_WARN_UNDECLARED_SELECTOR = YES;
				GCC_WARN_UNINITIALIZED_AUTOS = YES_AGGRESSIVE;
				GCC_WARN_UNUSED_FUNCTION = YES;
				GCC_WARN_UNUSED_VARIABLE = YES;
				IPHONEOS_DEPLOYMENT_TARGET = 7.1;
				SDKROOT = iphoneos;
				VALIDATE_PRODUCT = YES;
			};
			name = Release;
		};
		3C1BE8FD1958DF4A00BFD1B8 /* Debug */ = {
			isa = XCBuildConfiguration;
			buildSettings = {
				ASSETCATALOG_COMPILER_APPICON_NAME = AppIcon;
				ASSETCATALOG_COMPILER_LAUNCHIMAGE_NAME = LaunchImage;
				GCC_PRECOMPILE_PREFIX_HEADER = YES;
				GCC_PREFIX_HEADER = "UITableViewController  Challenge Solution/UITableViewController  Challenge Solution-Prefix.pch";
				INFOPLIST_FILE = "UITableViewController  Challenge Solution/UITableViewController  Challenge Solution-Info.plist";
				PRODUCT_NAME = "$(TARGET_NAME)";
				WRAPPER_EXTENSION = app;
			};
			name = Debug;
		};
		3C1BE8FE1958DF4A00BFD1B8 /* Release */ = {
			isa = XCBuildConfiguration;
			buildSettings = {
				ASSETCATALOG_COMPILER_APPICON_NAME = AppIcon;
				ASSETCATALOG_COMPILER_LAUNCHIMAGE_NAME = LaunchImage;
				GCC_PRECOMPILE_PREFIX_HEADER = YES;
				GCC_PREFIX_HEADER = "UITableViewController  Challenge Solution/UITableViewController  Challenge Solution-Prefix.pch";
				INFOPLIST_FILE = "UITableViewController  Challenge Solution/UITableViewController  Challenge Solution-Info.plist";
				PRODUCT_NAME = "$(TARGET_NAME)";
				WRAPPER_EXTENSION = app;
			};
			name = Release;
		};
		3C1BE9001958DF4A00BFD1B8 /* Debug */ = {
			isa = XCBuildConfiguration;
			buildSettings = {
				BUNDLE_LOADER = "$(BUILT_PRODUCTS_DIR)/UITableViewController  Challenge Solution.app/UITableViewController  Challenge Solution";
				FRAMEWORK_SEARCH_PATHS = (
					"$(SDKROOT)/Developer/Library/Frameworks",
					"$(inherited)",
					"$(DEVELOPER_FRAMEWORKS_DIR)",
				);
				GCC_PRECOMPILE_PREFIX_HEADER = YES;
				GCC_PREFIX_HEADER = "UITableViewController  Challenge Solution/UITableViewController  Challenge Solution-Prefix.pch";
				GCC_PREPROCESSOR_DEFINITIONS = (
					"DEBUG=1",
					"$(inherited)",
				);
				INFOPLIST_FILE = "UITableViewController  Challenge SolutionTests/UITableViewController  Challenge SolutionTests-Info.plist";
				PRODUCT_NAME = "$(TARGET_NAME)";
				TEST_HOST = "$(BUNDLE_LOADER)";
				WRAPPER_EXTENSION = xctest;
			};
			name = Debug;
		};
		3C1BE9011958DF4A00BFD1B8 /* Release */ = {
			isa = XCBuildConfiguration;
			buildSettings = {
				BUNDLE_LOADER = "$(BUILT_PRODUCTS_DIR)/UITableViewController  Challenge Solution.app/UITableViewController  Challenge Solution";
				FRAMEWORK_SEARCH_PATHS = (
					"$(SDKROOT)/Developer/Library/Frameworks",
					"$(inherited)",
					"$(DEVELOPER_FRAMEWORKS_DIR)",
				);
				GCC_PRECOMPILE_PREFIX_HEADER = YES;
				GCC_PREFIX_HEADER = "UITableViewController  Challenge Solution/UITableViewController  Challenge Solution-Prefix.pch";
				INFOPLIST_FILE = "UITableViewController  Challenge SolutionTests/UITableViewController  Challenge SolutionTests-Info.plist";
				PRODUCT_NAME = "$(TARGET_NAME)";
				TEST_HOST = "$(BUNDLE_LOADER)";
				WRAPPER_EXTENSION = xctest;
			};
			name = Release;
		};
/* End XCBuildConfiguration section */

/* Begin XCConfigurationList section */
		3C1BE8C51958DF4A00BFD1B8 /* Build configuration list for PBXProject "UITableViewController  Challenge Solution" */ = {
			isa = XCConfigurationList;
			buildConfigurations = (
				3C1BE8FA1958DF4A00BFD1B8 /* Debug */,
				3C1BE8FB1958DF4A00BFD1B8 /* Release */,
			);
			defaultConfigurationIsVisible = 0;
			defaultConfigurationName = Release;
		};
		3C1BE8FC1958DF4A00BFD1B8 /* Build configuration list for PBXNativeTarget "UITableViewController  Challenge Solution" */ = {
			isa = XCConfigurationList;
			buildConfigurations = (
				3C1BE8FD1958DF4A00BFD1B8 /* Debug */,
				3C1BE8FE1958DF4A00BFD1B8 /* Release */,
			);
			defaultConfigurationIsVisible = 0;
		};
		3C1BE8FF1958DF4A00BFD1B8 /* Build configuration list for PBXNativeTarget "UITableViewController  Challenge SolutionTests" */ = {
			isa = XCConfigurationList;
			buildConfigurations = (
				3C1BE9001958DF4A00BFD1B8 /* Debug */,
				3C1BE9011958DF4A00BFD1B8 /* Release */,
			);
			defaultConfigurationIsVisible = 0;
		};
/* End XCConfigurationList section */
	};
	rootObject = 3C1BE8C21958DF4A00BFD1B8 /* Project object */;
}
